
Microsoft Visual Studio Solution File, Format Version 12.00
# Visual Studio 2012
Project("{FAE04EC0-301F-11D3-BF4B-00C04F79EFBC}") = "ParseGame", "ParseGame.csproj", "{448913E9-EBBB-480D-AE83-AD4CF10CBB43}"
EndProject
Global
	GlobalSection(SolutionConfigurationPlatforms) = preSolution
		Debug|Any CPU = Debug|Any CPU
		Release|Any CPU = Release|Any CPU
	EndGlobalSection
	GlobalSection(ProjectConfigurationPlatforms) = postSolution
		{448913E9-EBBB-480D-AE83-AD4CF10CBB43}.Debug|Any CPU.ActiveCfg = Debug|Any CPU
		{448913E9-EBBB-480D-AE83-AD4CF10CBB43}.Debug|Any CPU.Build.0 = Debug|Any CPU
		{448913E9-EBBB-480D-AE83-AD4CF10CBB43}.Release|Any CPU.ActiveCfg = Release|Any CPU
		{448913E9-EBBB-480D-AE83-AD4CF10CBB43}.Release|Any CPU.Build.0 = Release|Any CPU
	EndGlobalSection
	GlobalSection(SolutionProperties) = preSolution
		HideSolutionNode = FALSE
	EndGlobalSection
EndGlobal
