
Microsoft Visual Studio Solution File, Format Version 12.00
# Visual Studio 2012
Project("{F2A71F9B-5D33-465A-A702-920D77279786}") = "PgnParser", "PgnParser\PgnParser.fsproj", "{5A0392F9-1CA1-4349-A04E-341FB8600C72}"
EndProject
Project("{FAE04EC0-301F-11D3-BF4B-00C04F79EFBC}") = "PgnParserTest", "PgnParserTest\PgnParserTest.csproj", "{55130566-754C-4378-B148-4DFA7EDC9505}"
EndProject
Project("{F2A71F9B-5D33-465A-A702-920D77279786}") = "PgnParserTestFS", "PgnParserTestFS\PgnParserTestFS.fsproj", "{5F14D923-AF29-433E-B813-6ED2E51969A3}"
EndProject
Project("{F2A71F9B-5D33-465A-A702-920D77279786}") = "pgn.net", "pgn.net\pgn.net.fsproj", "{4785BAEC-B14A-4FCC-8318-11D49B451439}"
EndProject
Project("{2150E333-8FDC-42A3-9474-1A3956D46DE8}") = "Solution Items", "Solution Items", "{B4F23611-847D-4409-9E34-1DD07F0DC9E8}"
	ProjectSection(SolutionItems) = preProject
		local.testsettings = local.testsettings
	EndProjectSection
EndProject
Global
	GlobalSection(SolutionConfigurationPlatforms) = preSolution
		Debug|Any CPU = Debug|Any CPU
		Release|Any CPU = Release|Any CPU
	EndGlobalSection
	GlobalSection(ProjectConfigurationPlatforms) = postSolution
		{5A0392F9-1CA1-4349-A04E-341FB8600C72}.Debug|Any CPU.ActiveCfg = Debug|Any CPU
		{5A0392F9-1CA1-4349-A04E-341FB8600C72}.Debug|Any CPU.Build.0 = Debug|Any CPU
		{5A0392F9-1CA1-4349-A04E-341FB8600C72}.Release|Any CPU.ActiveCfg = Release|Any CPU
		{5A0392F9-1CA1-4349-A04E-341FB8600C72}.Release|Any CPU.Build.0 = Release|Any CPU
		{55130566-754C-4378-B148-4DFA7EDC9505}.Debug|Any CPU.ActiveCfg = Debug|Any CPU
		{55130566-754C-4378-B148-4DFA7EDC9505}.Debug|Any CPU.Build.0 = Debug|Any CPU
		{55130566-754C-4378-B148-4DFA7EDC9505}.Release|Any CPU.ActiveCfg = Release|Any CPU
		{55130566-754C-4378-B148-4DFA7EDC9505}.Release|Any CPU.Build.0 = Release|Any CPU
		{5F14D923-AF29-433E-B813-6ED2E51969A3}.Debug|Any CPU.ActiveCfg = Debug|Any CPU
		{5F14D923-AF29-433E-B813-6ED2E51969A3}.Debug|Any CPU.Build.0 = Debug|Any CPU
		{5F14D923-AF29-433E-B813-6ED2E51969A3}.Release|Any CPU.ActiveCfg = Release|Any CPU
		{5F14D923-AF29-433E-B813-6ED2E51969A3}.Release|Any CPU.Build.0 = Release|Any CPU
		{4785BAEC-B14A-4FCC-8318-11D49B451439}.Debug|Any CPU.ActiveCfg = Debug|Any CPU
		{4785BAEC-B14A-4FCC-8318-11D49B451439}.Debug|Any CPU.Build.0 = Debug|Any CPU
		{4785BAEC-B14A-4FCC-8318-11D49B451439}.Release|Any CPU.ActiveCfg = Release|Any CPU
		{4785BAEC-B14A-4FCC-8318-11D49B451439}.Release|Any CPU.Build.0 = Release|Any CPU
	EndGlobalSection
	GlobalSection(SolutionProperties) = preSolution
		HideSolutionNode = FALSE
	EndGlobalSection
EndGlobal
