
Microsoft Visual Studio Solution File, Format Version 12.00
# Visual Studio 14
VisualStudioVersion = 14.0.23107.0
MinimumVisualStudioVersion = 10.0.40219.1
Project("{2150E333-8FDC-42A3-9474-1A3956D46DE8}") = "Solution Items", "Solution Items", "{B4F23611-847D-4409-9E34-1DD07F0DC9E8}"
EndProject
Project("{F2A71F9B-5D33-465A-A702-920D77279786}") = "pgn.Parse", "pgn.Parse\pgn.Parse.fsproj", "{90538968-8127-451B-945D-59707A910B63}"
EndProject
Project("{FAE04EC0-301F-11D3-BF4B-00C04F79EFBC}") = "pgn.NET.Test", "..\test\pgn.NET.Test\pgn.NET.Test.csproj", "{987AEAB8-AD12-4E23-AC6A-E365AD7C3BB0}"
EndProject
Project("{F2A71F9B-5D33-465A-A702-920D77279786}") = "pgn.Parse.Test", "..\test\pgn.Parse.Test\pgn.Parse.Test.fsproj", "{273F6243-57A4-43C4-89D2-BD13165E9076}"
EndProject
Project("{FAE04EC0-301F-11D3-BF4B-00C04F79EFBC}") = "pgn.NET.Test.Special", "..\test\pgn.NET.Test.Special\pgn.NET.Test.Special.csproj", "{00E154F1-8363-487A-90F6-33E58C9E8D39}"
EndProject
Project("{2150E333-8FDC-42A3-9474-1A3956D46DE8}") = ".nuget", ".nuget", "{98EA874C-BAF4-4E0D-AE15-E90A0F4FA1BA}"
EndProject
Project("{FAE04EC0-301F-11D3-BF4B-00C04F79EFBC}") = "pgn.Data", "pgn.Data\pgn.Data.csproj", "{29143ECD-E5D3-41D4-9C62-81D82597D895}"
EndProject
Project("{FAE04EC0-301F-11D3-BF4B-00C04F79EFBC}") = "pgn.Data.Test", "pgn.Data.Test\pgn.Data.Test.csproj", "{0FC682E3-910B-45F4-BF4B-ED64D48BA95D}"
EndProject
Project("{FAE04EC0-301F-11D3-BF4B-00C04F79EFBC}") = "pgn.NET", "pgn.NET\pgn.NET.csproj", "{B06A9F96-62F5-49C9-BFA8-58664D9A7462}"
EndProject
Global
	GlobalSection(SolutionConfigurationPlatforms) = preSolution
		Debug|Any CPU = Debug|Any CPU
		Release|Any CPU = Release|Any CPU
	EndGlobalSection
	GlobalSection(ProjectConfigurationPlatforms) = postSolution
		{90538968-8127-451B-945D-59707A910B63}.Debug|Any CPU.ActiveCfg = Debug|Any CPU
		{90538968-8127-451B-945D-59707A910B63}.Debug|Any CPU.Build.0 = Debug|Any CPU
		{90538968-8127-451B-945D-59707A910B63}.Release|Any CPU.ActiveCfg = Release|Any CPU
		{90538968-8127-451B-945D-59707A910B63}.Release|Any CPU.Build.0 = Release|Any CPU
		{987AEAB8-AD12-4E23-AC6A-E365AD7C3BB0}.Debug|Any CPU.ActiveCfg = Debug|Any CPU
		{987AEAB8-AD12-4E23-AC6A-E365AD7C3BB0}.Debug|Any CPU.Build.0 = Debug|Any CPU
		{987AEAB8-AD12-4E23-AC6A-E365AD7C3BB0}.Release|Any CPU.ActiveCfg = Release|Any CPU
		{987AEAB8-AD12-4E23-AC6A-E365AD7C3BB0}.Release|Any CPU.Build.0 = Release|Any CPU
		{273F6243-57A4-43C4-89D2-BD13165E9076}.Debug|Any CPU.ActiveCfg = Debug|Any CPU
		{273F6243-57A4-43C4-89D2-BD13165E9076}.Debug|Any CPU.Build.0 = Debug|Any CPU
		{273F6243-57A4-43C4-89D2-BD13165E9076}.Release|Any CPU.ActiveCfg = Release|Any CPU
		{273F6243-57A4-43C4-89D2-BD13165E9076}.Release|Any CPU.Build.0 = Release|Any CPU
		{00E154F1-8363-487A-90F6-33E58C9E8D39}.Debug|Any CPU.ActiveCfg = Debug|Any CPU
		{00E154F1-8363-487A-90F6-33E58C9E8D39}.Debug|Any CPU.Build.0 = Debug|Any CPU
		{00E154F1-8363-487A-90F6-33E58C9E8D39}.Release|Any CPU.ActiveCfg = Release|Any CPU
		{00E154F1-8363-487A-90F6-33E58C9E8D39}.Release|Any CPU.Build.0 = Release|Any CPU
		{29143ECD-E5D3-41D4-9C62-81D82597D895}.Debug|Any CPU.ActiveCfg = Debug|Any CPU
		{29143ECD-E5D3-41D4-9C62-81D82597D895}.Debug|Any CPU.Build.0 = Debug|Any CPU
		{29143ECD-E5D3-41D4-9C62-81D82597D895}.Release|Any CPU.ActiveCfg = Release|Any CPU
		{29143ECD-E5D3-41D4-9C62-81D82597D895}.Release|Any CPU.Build.0 = Release|Any CPU
		{0FC682E3-910B-45F4-BF4B-ED64D48BA95D}.Debug|Any CPU.ActiveCfg = Debug|Any CPU
		{0FC682E3-910B-45F4-BF4B-ED64D48BA95D}.Debug|Any CPU.Build.0 = Debug|Any CPU
		{0FC682E3-910B-45F4-BF4B-ED64D48BA95D}.Release|Any CPU.ActiveCfg = Release|Any CPU
		{0FC682E3-910B-45F4-BF4B-ED64D48BA95D}.Release|Any CPU.Build.0 = Release|Any CPU
		{B06A9F96-62F5-49C9-BFA8-58664D9A7462}.Debug|Any CPU.ActiveCfg = Debug|Any CPU
		{B06A9F96-62F5-49C9-BFA8-58664D9A7462}.Debug|Any CPU.Build.0 = Debug|Any CPU
		{B06A9F96-62F5-49C9-BFA8-58664D9A7462}.Release|Any CPU.ActiveCfg = Release|Any CPU
		{B06A9F96-62F5-49C9-BFA8-58664D9A7462}.Release|Any CPU.Build.0 = Release|Any CPU
	EndGlobalSection
	GlobalSection(SolutionProperties) = preSolution
		HideSolutionNode = FALSE
	EndGlobalSection
	GlobalSection(TestCaseManagementSettings) = postSolution
		    CategoryFile = pgn.net.vsmdi
	EndGlobalSection
EndGlobal
